// !$*UTF8*$!
{
	archiveVersion = 1;
	classes = {
	};
	objectVersion = 46;
	objects = {

/* Begin PBXBuildFile section */
		63205BE817CB81AB001D56A4 /* FPTBWindowController.h in Headers */ = {isa = PBXBuildFile; fileRef = 63205BE517CB81AB001D56A4 /* FPTBWindowController.h */; };
		63205BE917CB81AB001D56A4 /* FPTBWindowController.mm in Sources */ = {isa = PBXBuildFile; fileRef = 63205BE617CB81AB001D56A4 /* FPTBWindowController.mm */; };
		63205BEA17CB81AB001D56A4 /* FPTBWindow.xib in Resources */ = {isa = PBXBuildFile; fileRef = 63205BE717CB81AB001D56A4 /* FPTBWindow.xib */; };
		6320F63E1758FC01000FD6FF /* OsiriXAPI.framework in Frameworks */ = {isa = PBXBuildFile; fileRef = 6320F63D1758FC01000FD6FF /* OsiriXAPI.framework */; };
		632307C2181FEAAA004DA543 /* FPTBMeshesView.h in Headers */ = {isa = PBXBuildFile; fileRef = 632307C0181FEAAA004DA543 /* FPTBMeshesView.h */; };
		632307C3181FEAAA004DA543 /* FPTBMeshesView.mm in Sources */ = {isa = PBXBuildFile; fileRef = 632307C1181FEAAA004DA543 /* FPTBMeshesView.mm */; };
		6393C8EF183A7251008D71ED /* symbolList in Resources */ = {isa = PBXBuildFile; fileRef = 6393C8EE183A7251008D71ED /* symbolList */; };
		6393CC35183A9BA3008D71ED /* libLSDyna.a in Frameworks */ = {isa = PBXBuildFile; fileRef = 6393CC10183A9BA3008D71ED /* libLSDyna.a */; };
		6393CC36183A9BA3008D71ED /* libMapReduceMPI.a in Frameworks */ = {isa = PBXBuildFile; fileRef = 6393CC11183A9BA3008D71ED /* libMapReduceMPI.a */; };
		6393CC37183A9BA3008D71ED /* libmpistubs.a in Frameworks */ = {isa = PBXBuildFile; fileRef = 6393CC12183A9BA3008D71ED /* libmpistubs.a */; };
		6393CC38183A9BA3008D71ED /* libvtkalglib.a in Frameworks */ = {isa = PBXBuildFile; fileRef = 6393CC13183A9BA3008D71ED /* libvtkalglib.a */; };
		6393CC39183A9BA3008D71ED /* libvtkCharts.a in Frameworks */ = {isa = PBXBuildFile; fileRef = 6393CC14183A9BA3008D71ED /* libvtkCharts.a */; };
		6393CC3A183A9BA3008D71ED /* libvtkCommon.a in Frameworks */ = {isa = PBXBuildFile; fileRef = 6393CC15183A9BA3008D71ED /* libvtkCommon.a */; };
		6393CC3B183A9BA4008D71ED /* libvtkDICOMParser.a in Frameworks */ = {isa = PBXBuildFile; fileRef = 6393CC16183A9BA3008D71ED /* libvtkDICOMParser.a */; };
		6393CC3C183A9BA4008D71ED /* libvtkexoIIc.a in Frameworks */ = {isa = PBXBuildFile; fileRef = 6393CC17183A9BA3008D71ED /* libvtkexoIIc.a */; };
		6393CC3D183A9BA4008D71ED /* libvtkexpat.a in Frameworks */ = {isa = PBXBuildFile; fileRef = 6393CC18183A9BA3008D71ED /* libvtkexpat.a */; };
		6393CC3E183A9BA4008D71ED /* libvtkFiltering.a in Frameworks */ = {isa = PBXBuildFile; fileRef = 6393CC19183A9BA3008D71ED /* libvtkFiltering.a */; };
		6393CC3F183A9BA4008D71ED /* libvtkfreetype.a in Frameworks */ = {isa = PBXBuildFile; fileRef = 6393CC1A183A9BA3008D71ED /* libvtkfreetype.a */; };
		6393CC40183A9BA4008D71ED /* libvtkftgl.a in Frameworks */ = {isa = PBXBuildFile; fileRef = 6393CC1B183A9BA3008D71ED /* libvtkftgl.a */; };
		6393CC41183A9BA4008D71ED /* libvtkGenericFiltering.a in Frameworks */ = {isa = PBXBuildFile; fileRef = 6393CC1C183A9BA3008D71ED /* libvtkGenericFiltering.a */; };
		6393CC42183A9BA4008D71ED /* libvtkGeovis.a in Frameworks */ = {isa = PBXBuildFile; fileRef = 6393CC1D183A9BA3008D71ED /* libvtkGeovis.a */; };
		6393CC43183A9BA4008D71ED /* libvtkGraphics.a in Frameworks */ = {isa = PBXBuildFile; fileRef = 6393CC1E183A9BA3008D71ED /* libvtkGraphics.a */; };
		6393CC44183A9BA4008D71ED /* libvtkhdf5_hl.a in Frameworks */ = {isa = PBXBuildFile; fileRef = 6393CC1F183A9BA3008D71ED /* libvtkhdf5_hl.a */; };
		6393CC45183A9BA4008D71ED /* libvtkhdf5.a in Frameworks */ = {isa = PBXBuildFile; fileRef = 6393CC20183A9BA3008D71ED /* libvtkhdf5.a */; };
		6393CC46183A9BA4008D71ED /* libvtkHybrid.a in Frameworks */ = {isa = PBXBuildFile; fileRef = 6393CC21183A9BA3008D71ED /* libvtkHybrid.a */; };
		6393CC47183A9BA4008D71ED /* libvtkImaging.a in Frameworks */ = {isa = PBXBuildFile; fileRef = 6393CC22183A9BA3008D71ED /* libvtkImaging.a */; };
		6393CC48183A9BA4008D71ED /* libvtkInfovis.a in Frameworks */ = {isa = PBXBuildFile; fileRef = 6393CC23183A9BA3008D71ED /* libvtkInfovis.a */; };
		6393CC49183A9BA4008D71ED /* libvtkIO.a in Frameworks */ = {isa = PBXBuildFile; fileRef = 6393CC24183A9BA3008D71ED /* libvtkIO.a */; };
		6393CC4A183A9BA4008D71ED /* libvtkjpeg.a in Frameworks */ = {isa = PBXBuildFile; fileRef = 6393CC25183A9BA3008D71ED /* libvtkjpeg.a */; };
		6393CC4B183A9BA4008D71ED /* libvtklibxml2.a in Frameworks */ = {isa = PBXBuildFile; fileRef = 6393CC26183A9BA3008D71ED /* libvtklibxml2.a */; };
		6393CC4C183A9BA4008D71ED /* libvtkmetaio.a in Frameworks */ = {isa = PBXBuildFile; fileRef = 6393CC27183A9BA3008D71ED /* libvtkmetaio.a */; };
		6393CC4D183A9BA4008D71ED /* libvtkNetCDF_cxx.a in Frameworks */ = {isa = PBXBuildFile; fileRef = 6393CC28183A9BA3008D71ED /* libvtkNetCDF_cxx.a */; };
		6393CC4E183A9BA4008D71ED /* libvtkNetCDF.a in Frameworks */ = {isa = PBXBuildFile; fileRef = 6393CC29183A9BA3008D71ED /* libvtkNetCDF.a */; };
		6393CC4F183A9BA4008D71ED /* libvtkpng.a in Frameworks */ = {isa = PBXBuildFile; fileRef = 6393CC2A183A9BA3008D71ED /* libvtkpng.a */; };
		6393CC50183A9BA4008D71ED /* libvtkproj4.a in Frameworks */ = {isa = PBXBuildFile; fileRef = 6393CC2B183A9BA3008D71ED /* libvtkproj4.a */; };
		6393CC51183A9BA4008D71ED /* libvtkRendering.a in Frameworks */ = {isa = PBXBuildFile; fileRef = 6393CC2C183A9BA3008D71ED /* libvtkRendering.a */; };
		6393CC52183A9BA4008D71ED /* libvtksqlite.a in Frameworks */ = {isa = PBXBuildFile; fileRef = 6393CC2D183A9BA3008D71ED /* libvtksqlite.a */; };
		6393CC53183A9BA4008D71ED /* libvtksys.a in Frameworks */ = {isa = PBXBuildFile; fileRef = 6393CC2E183A9BA3008D71ED /* libvtksys.a */; };
		6393CC54183A9BA4008D71ED /* libvtktiff.a in Frameworks */ = {isa = PBXBuildFile; fileRef = 6393CC2F183A9BA3008D71ED /* libvtktiff.a */; };
		6393CC55183A9BA4008D71ED /* libvtkverdict.a in Frameworks */ = {isa = PBXBuildFile; fileRef = 6393CC30183A9BA3008D71ED /* libvtkverdict.a */; };
		6393CC56183A9BA4008D71ED /* libvtkViews.a in Frameworks */ = {isa = PBXBuildFile; fileRef = 6393CC31183A9BA3008D71ED /* libvtkViews.a */; };
		6393CC57183A9BA4008D71ED /* libvtkVolumeRendering.a in Frameworks */ = {isa = PBXBuildFile; fileRef = 6393CC32183A9BA3008D71ED /* libvtkVolumeRendering.a */; };
		6393CC58183A9BA4008D71ED /* libvtkWidgets.a in Frameworks */ = {isa = PBXBuildFile; fileRef = 6393CC33183A9BA3008D71ED /* libvtkWidgets.a */; };
		6393CC59183A9BA4008D71ED /* libvtkzlib.a in Frameworks */ = {isa = PBXBuildFile; fileRef = 6393CC34183A9BA3008D71ED /* libvtkzlib.a */; };
		8D5B49AE048680CD000E48DA /* FromPolyToBrush_Prefix.pch in Headers */ = {isa = PBXBuildFile; fileRef = 32DBCF630370AF2F00C91783 /* FromPolyToBrush_Prefix.pch */; };
		8D5B49B0048680CD000E48DA /* InfoPlist.strings in Resources */ = {isa = PBXBuildFile; fileRef = 089C167DFE841241C02AAC07 /* InfoPlist.strings */; };
		8D5B49B4048680CD000E48DA /* Cocoa.framework in Frameworks */ = {isa = PBXBuildFile; fileRef = 1058C7ADFEA557BF11CA2CBB /* Cocoa.framework */; };
		ABA48A650680BB600089EB4F /* FromPolyToBrushFilter.h in Headers */ = {isa = PBXBuildFile; fileRef = ABA48A640680BB600089EB4F /* FromPolyToBrushFilter.h */; };
		ABA48A670680BB690089EB4F /* FromPolyToBrushFilter.m in Sources */ = {isa = PBXBuildFile; fileRef = ABA48A660680BB690089EB4F /* FromPolyToBrushFilter.m */; };
/* End PBXBuildFile section */

/* Begin PBXFileReference section */
		089C1672FE841209C02AAC07 /* Foundation.framework */ = {isa = PBXFileReference; lastKnownFileType = wrapper.framework; name = Foundation.framework; path = /System/Library/Frameworks/Foundation.framework; sourceTree = "<absolute>"; };
		089C167EFE841241C02AAC07 /* English */ = {isa = PBXFileReference; fileEncoding = 10; lastKnownFileType = text.plist.strings; name = English; path = English.lproj/InfoPlist.strings; sourceTree = "<group>"; };
		089C167FFE841241C02AAC07 /* AppKit.framework */ = {isa = PBXFileReference; lastKnownFileType = wrapper.framework; name = AppKit.framework; path = /System/Library/Frameworks/AppKit.framework; sourceTree = "<absolute>"; };
		1058C7ADFEA557BF11CA2CBB /* Cocoa.framework */ = {isa = PBXFileReference; lastKnownFileType = wrapper.framework; name = Cocoa.framework; path = /System/Library/Frameworks/Cocoa.framework; sourceTree = "<absolute>"; };
		32DBCF630370AF2F00C91783 /* FromPolyToBrush_Prefix.pch */ = {isa = PBXFileReference; fileEncoding = 4; lastKnownFileType = sourcecode.c.h; path = FromPolyToBrush_Prefix.pch; sourceTree = "<group>"; };
		63205BE517CB81AB001D56A4 /* FPTBWindowController.h */ = {isa = PBXFileReference; fileEncoding = 4; lastKnownFileType = sourcecode.c.h; path = FPTBWindowController.h; sourceTree = "<group>"; };
		63205BE617CB81AB001D56A4 /* FPTBWindowController.mm */ = {isa = PBXFileReference; explicitFileType = sourcecode.cpp.objcpp; fileEncoding = 4; path = FPTBWindowController.mm; sourceTree = "<group>"; };
		63205BE717CB81AB001D56A4 /* FPTBWindow.xib */ = {isa = PBXFileReference; fileEncoding = 4; lastKnownFileType = file.xib; path = FPTBWindow.xib; sourceTree = "<group>"; };
		6320F63D1758FC01000FD6FF /* OsiriXAPI.framework */ = {isa = PBXFileReference; lastKnownFileType = wrapper.framework; path = OsiriXAPI.framework; sourceTree = "<group>"; };
		632307C0181FEAAA004DA543 /* FPTBMeshesView.h */ = {isa = PBXFileReference; fileEncoding = 4; lastKnownFileType = sourcecode.c.h; path = FPTBMeshesView.h; sourceTree = "<group>"; };
		632307C1181FEAAA004DA543 /* FPTBMeshesView.mm */ = {isa = PBXFileReference; explicitFileType = sourcecode.cpp.objcpp; fileEncoding = 4; path = FPTBMeshesView.mm; sourceTree = "<group>"; };
		6393C8EE183A7251008D71ED /* symbolList */ = {isa = PBXFileReference; fileEncoding = 4; lastKnownFileType = text; path = symbolList; sourceTree = "<group>"; };
		6393CC10183A9BA3008D71ED /* libLSDyna.a */ = {isa = PBXFileReference; lastKnownFileType = archive.ar; name = libLSDyna.a; path = "../../VTK/VTK5_10_1/Libraries_and_Headers/Static/32_bit/bin/lib/vtk-5.10/libLSDyna.a"; sourceTree = "<group>"; };
		6393CC11183A9BA3008D71ED /* libMapReduceMPI.a */ = {isa = PBXFileReference; lastKnownFileType = archive.ar; name = libMapReduceMPI.a; path = "../../VTK/VTK5_10_1/Libraries_and_Headers/Static/32_bit/bin/lib/vtk-5.10/libMapReduceMPI.a"; sourceTree = "<group>"; };
		6393CC12183A9BA3008D71ED /* libmpistubs.a */ = {isa = PBXFileReference; lastKnownFileType = archive.ar; name = libmpistubs.a; path = "../../VTK/VTK5_10_1/Libraries_and_Headers/Static/32_bit/bin/lib/vtk-5.10/libmpistubs.a"; sourceTree = "<group>"; };
		6393CC13183A9BA3008D71ED /* libvtkalglib.a */ = {isa = PBXFileReference; lastKnownFileType = archive.ar; name = libvtkalglib.a; path = "../../VTK/VTK5_10_1/Libraries_and_Headers/Static/32_bit/bin/lib/vtk-5.10/libvtkalglib.a"; sourceTree = "<group>"; };
		6393CC14183A9BA3008D71ED /* libvtkCharts.a */ = {isa = PBXFileReference; lastKnownFileType = archive.ar; name = libvtkCharts.a; path = "../../VTK/VTK5_10_1/Libraries_and_Headers/Static/32_bit/bin/lib/vtk-5.10/libvtkCharts.a"; sourceTree = "<group>"; };
		6393CC15183A9BA3008D71ED /* libvtkCommon.a */ = {isa = PBXFileReference; lastKnownFileType = archive.ar; name = libvtkCommon.a; path = "../../VTK/VTK5_10_1/Libraries_and_Headers/Static/32_bit/bin/lib/vtk-5.10/libvtkCommon.a"; sourceTree = "<group>"; };
		6393CC16183A9BA3008D71ED /* libvtkDICOMParser.a */ = {isa = PBXFileReference; lastKnownFileType = archive.ar; name = libvtkDICOMParser.a; path = "../../VTK/VTK5_10_1/Libraries_and_Headers/Static/32_bit/bin/lib/vtk-5.10/libvtkDICOMParser.a"; sourceTree = "<group>"; };
		6393CC17183A9BA3008D71ED /* libvtkexoIIc.a */ = {isa = PBXFileReference; lastKnownFileType = archive.ar; name = libvtkexoIIc.a; path = "../../VTK/VTK5_10_1/Libraries_and_Headers/Static/32_bit/bin/lib/vtk-5.10/libvtkexoIIc.a"; sourceTree = "<group>"; };
		6393CC18183A9BA3008D71ED /* libvtkexpat.a */ = {isa = PBXFileReference; lastKnownFileType = archive.ar; name = libvtkexpat.a; path = "../../VTK/VTK5_10_1/Libraries_and_Headers/Static/32_bit/bin/lib/vtk-5.10/libvtkexpat.a"; sourceTree = "<group>"; };
		6393CC19183A9BA3008D71ED /* libvtkFiltering.a */ = {isa = PBXFileReference; lastKnownFileType = archive.ar; name = libvtkFiltering.a; path = "../../VTK/VTK5_10_1/Libraries_and_Headers/Static/32_bit/bin/lib/vtk-5.10/libvtkFiltering.a"; sourceTree = "<group>"; };
		6393CC1A183A9BA3008D71ED /* libvtkfreetype.a */ = {isa = PBXFileReference; lastKnownFileType = archive.ar; name = libvtkfreetype.a; path = "../../VTK/VTK5_10_1/Libraries_and_Headers/Static/32_bit/bin/lib/vtk-5.10/libvtkfreetype.a"; sourceTree = "<group>"; };
		6393CC1B183A9BA3008D71ED /* libvtkftgl.a */ = {isa = PBXFileReference; lastKnownFileType = archive.ar; name = libvtkftgl.a; path = "../../VTK/VTK5_10_1/Libraries_and_Headers/Static/32_bit/bin/lib/vtk-5.10/libvtkftgl.a"; sourceTree = "<group>"; };
		6393CC1C183A9BA3008D71ED /* libvtkGenericFiltering.a */ = {isa = PBXFileReference; lastKnownFileType = archive.ar; name = libvtkGenericFiltering.a; path = "../../VTK/VTK5_10_1/Libraries_and_Headers/Static/32_bit/bin/lib/vtk-5.10/libvtkGenericFiltering.a"; sourceTree = "<group>"; };
		6393CC1D183A9BA3008D71ED /* libvtkGeovis.a */ = {isa = PBXFileReference; lastKnownFileType = archive.ar; name = libvtkGeovis.a; path = "../../VTK/VTK5_10_1/Libraries_and_Headers/Static/32_bit/bin/lib/vtk-5.10/libvtkGeovis.a"; sourceTree = "<group>"; };
		6393CC1E183A9BA3008D71ED /* libvtkGraphics.a */ = {isa = PBXFileReference; lastKnownFileType = archive.ar; name = libvtkGraphics.a; path = "../../VTK/VTK5_10_1/Libraries_and_Headers/Static/32_bit/bin/lib/vtk-5.10/libvtkGraphics.a"; sourceTree = "<group>"; };
		6393CC1F183A9BA3008D71ED /* libvtkhdf5_hl.a */ = {isa = PBXFileReference; lastKnownFileType = archive.ar; name = libvtkhdf5_hl.a; path = "../../VTK/VTK5_10_1/Libraries_and_Headers/Static/32_bit/bin/lib/vtk-5.10/libvtkhdf5_hl.a"; sourceTree = "<group>"; };
		6393CC20183A9BA3008D71ED /* libvtkhdf5.a */ = {isa = PBXFileReference; lastKnownFileType = archive.ar; name = libvtkhdf5.a; path = "../../VTK/VTK5_10_1/Libraries_and_Headers/Static/32_bit/bin/lib/vtk-5.10/libvtkhdf5.a"; sourceTree = "<group>"; };
		6393CC21183A9BA3008D71ED /* libvtkHybrid.a */ = {isa = PBXFileReference; lastKnownFileType = archive.ar; name = libvtkHybrid.a; path = "../../VTK/VTK5_10_1/Libraries_and_Headers/Static/32_bit/bin/lib/vtk-5.10/libvtkHybrid.a"; sourceTree = "<group>"; };
		6393CC22183A9BA3008D71ED /* libvtkImaging.a */ = {isa = PBXFileReference; lastKnownFileType = archive.ar; name = libvtkImaging.a; path = "../../VTK/VTK5_10_1/Libraries_and_Headers/Static/32_bit/bin/lib/vtk-5.10/libvtkImaging.a"; sourceTree = "<group>"; };
		6393CC23183A9BA3008D71ED /* libvtkInfovis.a */ = {isa = PBXFileReference; lastKnownFileType = archive.ar; name = libvtkInfovis.a; path = "../../VTK/VTK5_10_1/Libraries_and_Headers/Static/32_bit/bin/lib/vtk-5.10/libvtkInfovis.a"; sourceTree = "<group>"; };
		6393CC24183A9BA3008D71ED /* libvtkIO.a */ = {isa = PBXFileReference; lastKnownFileType = archive.ar; name = libvtkIO.a; path = "../../VTK/VTK5_10_1/Libraries_and_Headers/Static/32_bit/bin/lib/vtk-5.10/libvtkIO.a"; sourceTree = "<group>"; };
		6393CC25183A9BA3008D71ED /* libvtkjpeg.a */ = {isa = PBXFileReference; lastKnownFileType = archive.ar; name = libvtkjpeg.a; path = "../../VTK/VTK5_10_1/Libraries_and_Headers/Static/32_bit/bin/lib/vtk-5.10/libvtkjpeg.a"; sourceTree = "<group>"; };
		6393CC26183A9BA3008D71ED /* libvtklibxml2.a */ = {isa = PBXFileReference; lastKnownFileType = archive.ar; name = libvtklibxml2.a; path = "../../VTK/VTK5_10_1/Libraries_and_Headers/Static/32_bit/bin/lib/vtk-5.10/libvtklibxml2.a"; sourceTree = "<group>"; };
		6393CC27183A9BA3008D71ED /* libvtkmetaio.a */ = {isa = PBXFileReference; lastKnownFileType = archive.ar; name = libvtkmetaio.a; path = "../../VTK/VTK5_10_1/Libraries_and_Headers/Static/32_bit/bin/lib/vtk-5.10/libvtkmetaio.a"; sourceTree = "<group>"; };
		6393CC28183A9BA3008D71ED /* libvtkNetCDF_cxx.a */ = {isa = PBXFileReference; lastKnownFileType = archive.ar; name = libvtkNetCDF_cxx.a; path = "../../VTK/VTK5_10_1/Libraries_and_Headers/Static/32_bit/bin/lib/vtk-5.10/libvtkNetCDF_cxx.a"; sourceTree = "<group>"; };
		6393CC29183A9BA3008D71ED /* libvtkNetCDF.a */ = {isa = PBXFileReference; lastKnownFileType = archive.ar; name = libvtkNetCDF.a; path = "../../VTK/VTK5_10_1/Libraries_and_Headers/Static/32_bit/bin/lib/vtk-5.10/libvtkNetCDF.a"; sourceTree = "<group>"; };
		6393CC2A183A9BA3008D71ED /* libvtkpng.a */ = {isa = PBXFileReference; lastKnownFileType = archive.ar; name = libvtkpng.a; path = "../../VTK/VTK5_10_1/Libraries_and_Headers/Static/32_bit/bin/lib/vtk-5.10/libvtkpng.a"; sourceTree = "<group>"; };
		6393CC2B183A9BA3008D71ED /* libvtkproj4.a */ = {isa = PBXFileReference; lastKnownFileType = archive.ar; name = libvtkproj4.a; path = "../../VTK/VTK5_10_1/Libraries_and_Headers/Static/32_bit/bin/lib/vtk-5.10/libvtkproj4.a"; sourceTree = "<group>"; };
		6393CC2C183A9BA3008D71ED /* libvtkRendering.a */ = {isa = PBXFileReference; lastKnownFileType = archive.ar; name = libvtkRendering.a; path = "../../VTK/VTK5_10_1/Libraries_and_Headers/Static/32_bit/bin/lib/vtk-5.10/libvtkRendering.a"; sourceTree = "<group>"; };
		6393CC2D183A9BA3008D71ED /* libvtksqlite.a */ = {isa = PBXFileReference; lastKnownFileType = archive.ar; name = libvtksqlite.a; path = "../../VTK/VTK5_10_1/Libraries_and_Headers/Static/32_bit/bin/lib/vtk-5.10/libvtksqlite.a"; sourceTree = "<group>"; };
		6393CC2E183A9BA3008D71ED /* libvtksys.a */ = {isa = PBXFileReference; lastKnownFileType = archive.ar; name = libvtksys.a; path = "../../VTK/VTK5_10_1/Libraries_and_Headers/Static/32_bit/bin/lib/vtk-5.10/libvtksys.a"; sourceTree = "<group>"; };
		6393CC2F183A9BA3008D71ED /* libvtktiff.a */ = {isa = PBXFileReference; lastKnownFileType = archive.ar; name = libvtktiff.a; path = "../../VTK/VTK5_10_1/Libraries_and_Headers/Static/32_bit/bin/lib/vtk-5.10/libvtktiff.a"; sourceTree = "<group>"; };
		6393CC30183A9BA3008D71ED /* libvtkverdict.a */ = {isa = PBXFileReference; lastKnownFileType = archive.ar; name = libvtkverdict.a; path = "../../VTK/VTK5_10_1/Libraries_and_Headers/Static/32_bit/bin/lib/vtk-5.10/libvtkverdict.a"; sourceTree = "<group>"; };
		6393CC31183A9BA3008D71ED /* libvtkViews.a */ = {isa = PBXFileReference; lastKnownFileType = archive.ar; name = libvtkViews.a; path = "../../VTK/VTK5_10_1/Libraries_and_Headers/Static/32_bit/bin/lib/vtk-5.10/libvtkViews.a"; sourceTree = "<group>"; };
		6393CC32183A9BA3008D71ED /* libvtkVolumeRendering.a */ = {isa = PBXFileReference; lastKnownFileType = archive.ar; name = libvtkVolumeRendering.a; path = "../../VTK/VTK5_10_1/Libraries_and_Headers/Static/32_bit/bin/lib/vtk-5.10/libvtkVolumeRendering.a"; sourceTree = "<group>"; };
		6393CC33183A9BA3008D71ED /* libvtkWidgets.a */ = {isa = PBXFileReference; lastKnownFileType = archive.ar; name = libvtkWidgets.a; path = "../../VTK/VTK5_10_1/Libraries_and_Headers/Static/32_bit/bin/lib/vtk-5.10/libvtkWidgets.a"; sourceTree = "<group>"; };
		6393CC34183A9BA3008D71ED /* libvtkzlib.a */ = {isa = PBXFileReference; lastKnownFileType = archive.ar; name = libvtkzlib.a; path = "../../VTK/VTK5_10_1/Libraries_and_Headers/Static/32_bit/bin/lib/vtk-5.10/libvtkzlib.a"; sourceTree = "<group>"; };
		8D5B49B7048680CD000E48DA /* Info.plist */ = {isa = PBXFileReference; fileEncoding = 4; lastKnownFileType = text.plist.xml; path = Info.plist; sourceTree = "<group>"; };
		AB5D36050680E57E00F4007A /* FromPolyToBrush.osirixplugin */ = {isa = PBXFileReference; explicitFileType = wrapper.cfbundle; includeInIndex = 0; path = FromPolyToBrush.osirixplugin; sourceTree = BUILT_PRODUCTS_DIR; };
		ABA48A640680BB600089EB4F /* FromPolyToBrushFilter.h */ = {isa = PBXFileReference; fileEncoding = 30; lastKnownFileType = sourcecode.c.h; path = FromPolyToBrushFilter.h; sourceTree = "<group>"; };
		ABA48A660680BB690089EB4F /* FromPolyToBrushFilter.m */ = {isa = PBXFileReference; explicitFileType = sourcecode.cpp.objcpp; fileEncoding = 30; path = FromPolyToBrushFilter.m; sourceTree = "<group>"; };
/* End PBXFileReference section */

/* Begin PBXFrameworksBuildPhase section */
		8D5B49B3048680CD000E48DA /* Frameworks */ = {
			isa = PBXFrameworksBuildPhase;
			buildActionMask = 2147483647;
			files = (
				6393CC55183A9BA4008D71ED /* libvtkverdict.a in Frameworks */,
				6393CC35183A9BA3008D71ED /* libLSDyna.a in Frameworks */,
				6393CC37183A9BA3008D71ED /* libmpistubs.a in Frameworks */,
				6393CC3B183A9BA4008D71ED /* libvtkDICOMParser.a in Frameworks */,
				6393CC4B183A9BA4008D71ED /* libvtklibxml2.a in Frameworks */,
				6393CC3A183A9BA3008D71ED /* libvtkCommon.a in Frameworks */,
				6393CC40183A9BA4008D71ED /* libvtkftgl.a in Frameworks */,
				6393CC53183A9BA4008D71ED /* libvtksys.a in Frameworks */,
				6393CC45183A9BA4008D71ED /* libvtkhdf5.a in Frameworks */,
				6393CC3E183A9BA4008D71ED /* libvtkFiltering.a in Frameworks */,
				6393CC42183A9BA4008D71ED /* libvtkGeovis.a in Frameworks */,
				6393CC54183A9BA4008D71ED /* libvtktiff.a in Frameworks */,
				6393CC51183A9BA4008D71ED /* libvtkRendering.a in Frameworks */,
				6393CC47183A9BA4008D71ED /* libvtkImaging.a in Frameworks */,
				6393CC38183A9BA3008D71ED /* libvtkalglib.a in Frameworks */,
				8D5B49B4048680CD000E48DA /* Cocoa.framework in Frameworks */,
				6393CC3F183A9BA4008D71ED /* libvtkfreetype.a in Frameworks */,
				6393CC4E183A9BA4008D71ED /* libvtkNetCDF.a in Frameworks */,
				6393CC48183A9BA4008D71ED /* libvtkInfovis.a in Frameworks */,
				6393CC59183A9BA4008D71ED /* libvtkzlib.a in Frameworks */,
				6393CC4A183A9BA4008D71ED /* libvtkjpeg.a in Frameworks */,
				6393CC46183A9BA4008D71ED /* libvtkHybrid.a in Frameworks */,
				6393CC4F183A9BA4008D71ED /* libvtkpng.a in Frameworks */,
				6393CC3C183A9BA4008D71ED /* libvtkexoIIc.a in Frameworks */,
				6393CC49183A9BA4008D71ED /* libvtkIO.a in Frameworks */,
				6393CC4D183A9BA4008D71ED /* libvtkNetCDF_cxx.a in Frameworks */,
				6393CC4C183A9BA4008D71ED /* libvtkmetaio.a in Frameworks */,
				6393CC56183A9BA4008D71ED /* libvtkViews.a in Frameworks */,
				6320F63E1758FC01000FD6FF /* OsiriXAPI.framework in Frameworks */,
				6393CC36183A9BA3008D71ED /* libMapReduceMPI.a in Frameworks */,
				6393CC43183A9BA4008D71ED /* libvtkGraphics.a in Frameworks */,
				6393CC57183A9BA4008D71ED /* libvtkVolumeRendering.a in Frameworks */,
				6393CC44183A9BA4008D71ED /* libvtkhdf5_hl.a in Frameworks */,
				6393CC52183A9BA4008D71ED /* libvtksqlite.a in Frameworks */,
				6393CC58183A9BA4008D71ED /* libvtkWidgets.a in Frameworks */,
				6393CC41183A9BA4008D71ED /* libvtkGenericFiltering.a in Frameworks */,
				6393CC3D183A9BA4008D71ED /* libvtkexpat.a in Frameworks */,
				6393CC39183A9BA3008D71ED /* libvtkCharts.a in Frameworks */,
				6393CC50183A9BA4008D71ED /* libvtkproj4.a in Frameworks */,
			);
			runOnlyForDeploymentPostprocessing = 0;
		};
/* End PBXFrameworksBuildPhase section */

/* Begin PBXGroup section */
		089C166AFE841209C02AAC07 /* FromPolyToBrush */ = {
			isa = PBXGroup;
			children = (
				6393C8EE183A7251008D71ED /* symbolList */,
				08FB77AFFE84173DC02AAC07 /* Classes */,
				32C88E010371C26100C91783 /* Other Sources */,
				089C167CFE841241C02AAC07 /* Resources */,
				089C1671FE841209C02AAC07 /* Frameworks and Libraries */,
				19C28FB8FE9D52D311CA2CBB /* Products */,
			);
			name = FromPolyToBrush;
			sourceTree = "<group>";
		};
		089C1671FE841209C02AAC07 /* Frameworks and Libraries */ = {
			isa = PBXGroup;
			children = (
				6377199517EC860C00A67CD7 /* VTK */,
				1058C7ACFEA557BF11CA2CBB /* Linked Frameworks */,
				1058C7AEFEA557BF11CA2CBB /* Other Frameworks */,
			);
			name = "Frameworks and Libraries";
			sourceTree = "<group>";
		};
		089C167CFE841241C02AAC07 /* Resources */ = {
			isa = PBXGroup;
			children = (
				63205BE717CB81AB001D56A4 /* FPTBWindow.xib */,
				8D5B49B7048680CD000E48DA /* Info.plist */,
				089C167DFE841241C02AAC07 /* InfoPlist.strings */,
			);
			name = Resources;
			sourceTree = "<group>";
		};
		08FB77AFFE84173DC02AAC07 /* Classes */ = {
			isa = PBXGroup;
			children = (
				AB2C26750677B0C400A08910 /* FromPolyToBrushFilter */,
			);
			name = Classes;
			sourceTree = "<group>";
		};
		1058C7ACFEA557BF11CA2CBB /* Linked Frameworks */ = {
			isa = PBXGroup;
			children = (
				6320F63D1758FC01000FD6FF /* OsiriXAPI.framework */,
				1058C7ADFEA557BF11CA2CBB /* Cocoa.framework */,
			);
			name = "Linked Frameworks";
			sourceTree = "<group>";
		};
		1058C7AEFEA557BF11CA2CBB /* Other Frameworks */ = {
			isa = PBXGroup;
			children = (
				089C1672FE841209C02AAC07 /* Foundation.framework */,
				089C167FFE841241C02AAC07 /* AppKit.framework */,
			);
			name = "Other Frameworks";
			sourceTree = "<group>";
		};
		19C28FB8FE9D52D311CA2CBB /* Products */ = {
			isa = PBXGroup;
			children = (
				AB5D36050680E57E00F4007A /* FromPolyToBrush.osirixplugin */,
			);
			name = Products;
			sourceTree = "<group>";
		};
		32C88E010371C26100C91783 /* Other Sources */ = {
			isa = PBXGroup;
			children = (
				32DBCF630370AF2F00C91783 /* FromPolyToBrush_Prefix.pch */,
			);
			name = "Other Sources";
			sourceTree = "<group>";
		};
		6377199517EC860C00A67CD7 /* VTK */ = {
			isa = PBXGroup;
			children = (
				6393CC0F183A9B80008D71ED /* libs */,
			);
			name = VTK;
			sourceTree = "<group>";
		};
		6393CC0F183A9B80008D71ED /* libs */ = {
			isa = PBXGroup;
			children = (
				6393CC10183A9BA3008D71ED /* libLSDyna.a */,
				6393CC11183A9BA3008D71ED /* libMapReduceMPI.a */,
				6393CC12183A9BA3008D71ED /* libmpistubs.a */,
				6393CC13183A9BA3008D71ED /* libvtkalglib.a */,
				6393CC14183A9BA3008D71ED /* libvtkCharts.a */,
				6393CC15183A9BA3008D71ED /* libvtkCommon.a */,
				6393CC16183A9BA3008D71ED /* libvtkDICOMParser.a */,
				6393CC17183A9BA3008D71ED /* libvtkexoIIc.a */,
				6393CC18183A9BA3008D71ED /* libvtkexpat.a */,
				6393CC19183A9BA3008D71ED /* libvtkFiltering.a */,
				6393CC1A183A9BA3008D71ED /* libvtkfreetype.a */,
				6393CC1B183A9BA3008D71ED /* libvtkftgl.a */,
				6393CC1C183A9BA3008D71ED /* libvtkGenericFiltering.a */,
				6393CC1D183A9BA3008D71ED /* libvtkGeovis.a */,
				6393CC1E183A9BA3008D71ED /* libvtkGraphics.a */,
				6393CC1F183A9BA3008D71ED /* libvtkhdf5_hl.a */,
				6393CC20183A9BA3008D71ED /* libvtkhdf5.a */,
				6393CC21183A9BA3008D71ED /* libvtkHybrid.a */,
				6393CC22183A9BA3008D71ED /* libvtkImaging.a */,
				6393CC23183A9BA3008D71ED /* libvtkInfovis.a */,
				6393CC24183A9BA3008D71ED /* libvtkIO.a */,
				6393CC25183A9BA3008D71ED /* libvtkjpeg.a */,
				6393CC26183A9BA3008D71ED /* libvtklibxml2.a */,
				6393CC27183A9BA3008D71ED /* libvtkmetaio.a */,
				6393CC28183A9BA3008D71ED /* libvtkNetCDF_cxx.a */,
				6393CC29183A9BA3008D71ED /* libvtkNetCDF.a */,
				6393CC2A183A9BA3008D71ED /* libvtkpng.a */,
				6393CC2B183A9BA3008D71ED /* libvtkproj4.a */,
				6393CC2C183A9BA3008D71ED /* libvtkRendering.a */,
				6393CC2D183A9BA3008D71ED /* libvtksqlite.a */,
				6393CC2E183A9BA3008D71ED /* libvtksys.a */,
				6393CC2F183A9BA3008D71ED /* libvtktiff.a */,
				6393CC30183A9BA3008D71ED /* libvtkverdict.a */,
				6393CC31183A9BA3008D71ED /* libvtkViews.a */,
				6393CC32183A9BA3008D71ED /* libvtkVolumeRendering.a */,
				6393CC33183A9BA3008D71ED /* libvtkWidgets.a */,
				6393CC34183A9BA3008D71ED /* libvtkzlib.a */,
			);
			name = libs;
			sourceTree = "<group>";
		};
		AB2C26750677B0C400A08910 /* FromPolyToBrushFilter */ = {
			isa = PBXGroup;
			children = (
				ABA48A640680BB600089EB4F /* FromPolyToBrushFilter.h */,
				ABA48A660680BB690089EB4F /* FromPolyToBrushFilter.m */,
				63205BE517CB81AB001D56A4 /* FPTBWindowController.h */,
				63205BE617CB81AB001D56A4 /* FPTBWindowController.mm */,
				632307C0181FEAAA004DA543 /* FPTBMeshesView.h */,
				632307C1181FEAAA004DA543 /* FPTBMeshesView.mm */,
			);
			name = FromPolyToBrushFilter;
			sourceTree = "<group>";
		};
/* End PBXGroup section */

/* Begin PBXHeadersBuildPhase section */
		8D5B49AD048680CD000E48DA /* Headers */ = {
			isa = PBXHeadersBuildPhase;
			buildActionMask = 2147483647;
			files = (
				8D5B49AE048680CD000E48DA /* FromPolyToBrush_Prefix.pch in Headers */,
				ABA48A650680BB600089EB4F /* FromPolyToBrushFilter.h in Headers */,
				63205BE817CB81AB001D56A4 /* FPTBWindowController.h in Headers */,
				632307C2181FEAAA004DA543 /* FPTBMeshesView.h in Headers */,
			);
			runOnlyForDeploymentPostprocessing = 0;
		};
/* End PBXHeadersBuildPhase section */

/* Begin PBXNativeTarget section */
		8D5B49AC048680CD000E48DA /* FromPolyToBrush */ = {
			isa = PBXNativeTarget;
			buildConfigurationList = CE6A9A9008AC841300D0C1EE /* Build configuration list for PBXNativeTarget "FromPolyToBrush" */;
			buildPhases = (
				8D5B49AD048680CD000E48DA /* Headers */,
				8D5B49AF048680CD000E48DA /* Resources */,
				8D5B49B1048680CD000E48DA /* Sources */,
				8D5B49B3048680CD000E48DA /* Frameworks */,
				8D5B49B5048680CD000E48DA /* Rez */,
			);
			buildRules = (
			);
			dependencies = (
			);
			name = FromPolyToBrush;
			productInstallPath = "$(HOME)/Library/Bundles";
			productName = Invert;
			productReference = AB5D36050680E57E00F4007A /* FromPolyToBrush.osirixplugin */;
			productType = "com.apple.product-type.bundle";
		};
/* End PBXNativeTarget section */

/* Begin PBXProject section */
		089C1669FE841209C02AAC07 /* Project object */ = {
			isa = PBXProject;
			attributes = {
				LastUpgradeCheck = 0430;
			};
			buildConfigurationList = CE6A9A9408AC841300D0C1EE /* Build configuration list for PBXProject "FromPolyToBrush" */;
			compatibilityVersion = "Xcode 3.2";
			developmentRegion = English;
			hasScannedForEncodings = 1;
			knownRegions = (
				English,
				Japanese,
				French,
				German,
			);
			mainGroup = 089C166AFE841209C02AAC07 /* FromPolyToBrush */;
			projectDirPath = "";
			projectRoot = "";
			targets = (
				8D5B49AC048680CD000E48DA /* FromPolyToBrush */,
			);
		};
/* End PBXProject section */

/* Begin PBXResourcesBuildPhase section */
		8D5B49AF048680CD000E48DA /* Resources */ = {
			isa = PBXResourcesBuildPhase;
			buildActionMask = 2147483647;
			files = (
				8D5B49B0048680CD000E48DA /* InfoPlist.strings in Resources */,
				6393C8EF183A7251008D71ED /* symbolList in Resources */,
				63205BEA17CB81AB001D56A4 /* FPTBWindow.xib in Resources */,
			);
			runOnlyForDeploymentPostprocessing = 0;
		};
/* End PBXResourcesBuildPhase section */

/* Begin PBXRezBuildPhase section */
		8D5B49B5048680CD000E48DA /* Rez */ = {
			isa = PBXRezBuildPhase;
			buildActionMask = 2147483647;
			files = (
			);
			runOnlyForDeploymentPostprocessing = 0;
		};
/* End PBXRezBuildPhase section */

/* Begin PBXSourcesBuildPhase section */
		8D5B49B1048680CD000E48DA /* Sources */ = {
			isa = PBXSourcesBuildPhase;
			buildActionMask = 2147483647;
			files = (
				ABA48A670680BB690089EB4F /* FromPolyToBrushFilter.m in Sources */,
				63205BE917CB81AB001D56A4 /* FPTBWindowController.mm in Sources */,
				632307C3181FEAAA004DA543 /* FPTBMeshesView.mm in Sources */,
			);
			runOnlyForDeploymentPostprocessing = 0;
		};
/* End PBXSourcesBuildPhase section */

/* Begin PBXVariantGroup section */
		089C167DFE841241C02AAC07 /* InfoPlist.strings */ = {
			isa = PBXVariantGroup;
			children = (
				089C167EFE841241C02AAC07 /* English */,
			);
			name = InfoPlist.strings;
			sourceTree = "<group>";
		};
/* End PBXVariantGroup section */

/* Begin XCBuildConfiguration section */
		CE6A9A9108AC841300D0C1EE /* Development */ = {
			isa = XCBuildConfiguration;
			buildSettings = {
				ARCHS = "$(ARCHS_STANDARD_32_64_BIT)";
				CLANG_ENABLE_OBJC_ARC = NO;
				COPY_PHASE_STRIP = NO;
				DEBUGGING_SYMBOLS = YES;
				FRAMEWORK_SEARCH_PATHS = (
					"$(inherited)",
					"$(SRCROOT)",
				);
				GCC_DYNAMIC_NO_PIC = NO;
				GCC_ENABLE_TRIGRAPHS = NO;
				GCC_GENERATE_DEBUGGING_SYMBOLS = YES;
				GCC_OPTIMIZATION_LEVEL = 0;
				GCC_PRECOMPILE_PREFIX_HEADER = YES;
				GCC_PREFIX_HEADER = FromPolyToBrush_Prefix.pch;
				"GCC_PREPROCESSOR_DEFINITIONS[arch=*]" = "DEBUG=1";
				GCC_VERSION = com.apple.compilers.llvm.clang.1_0;
				GCC_WARN_FOUR_CHARACTER_CONSTANTS = NO;
				GCC_WARN_UNKNOWN_PRAGMAS = NO;
				HEADER_SEARCH_PATHS = "\"$(SRCROOT)/../../VTK/VTK5_10_1/Libraries_and_Headers/Static/32_bit/bin/include/vtk-5.10\"";
				INFOPLIST_FILE = Info.plist;
				INSTALL_PATH = "@executable_path/../Plug-ins";
				LD_DYLIB_INSTALL_NAME = "";
				LD_RUNPATH_SEARCH_PATHS = "";
				LIBRARY_SEARCH_PATHS = "/Users/David/Development/VTK/VTK5_10_1/Libraries_and_Headers/Static/32_bit/bin/lib/vtk-5.10";
				LIBRARY_STYLE = Bundle;
				MACOSX_DEPLOYMENT_TARGET = 10.7;
				ONLY_ACTIVE_ARCH = YES;
				OTHER_CFLAGS = "";
				OTHER_LDFLAGS = (
					"-undefined",
					dynamic_lookup,
				);
				OTHER_REZFLAGS = "";
				PRODUCT_NAME = FromPolyToBrush;
				SDKROOT = macosx10.8;
				SECTORDER_FLAGS = "";
				WARNING_CFLAGS = (
					"-Wmost",
					"-Wno-four-char-constants",
					"-Wno-unknown-pragmas",
				);
				WRAPPER_EXTENSION = osirixplugin;
				ZERO_LINK = NO;
			};
			name = Development;
		};
		CE6A9A9208AC841300D0C1EE /* Deployment */ = {
			isa = XCBuildConfiguration;
			buildSettings = {
				ARCHS = "$(ARCHS_STANDARD_32_64_BIT)";
				CLANG_ENABLE_OBJC_ARC = NO;
				COPY_PHASE_STRIP = YES;
				FRAMEWORK_SEARCH_PATHS = (
					"$(inherited)",
					"$(SRCROOT)",
				);
				GCC_ENABLE_TRIGRAPHS = NO;
				GCC_PRECOMPILE_PREFIX_HEADER = YES;
				GCC_PREFIX_HEADER = FromPolyToBrush_Prefix.pch;
				GCC_VERSION = com.apple.compilers.llvm.clang.1_0;
				GCC_WARN_FOUR_CHARACTER_CONSTANTS = NO;
				GCC_WARN_UNKNOWN_PRAGMAS = NO;
				HEADER_SEARCH_PATHS = "\"$(SRCROOT)/../../VTK/VTK5_10_1/Libraries_and_Headers/Static/32_bit/bin/include/vtk-5.10\"";
				INFOPLIST_FILE = Info.plist;
				INSTALL_PATH = "@executable_path/../Plug-ins";
				LD_DYLIB_INSTALL_NAME = "";
				LD_RUNPATH_SEARCH_PATHS = "";
				LIBRARY_SEARCH_PATHS = "/Users/David/Development/VTK/VTK5_10_1/Libraries_and_Headers/Static/32_bit/bin/lib/vtk-5.10";
				LIBRARY_STYLE = Bundle;
				MACOSX_DEPLOYMENT_TARGET = 10.7;
				ONLY_ACTIVE_ARCH = YES;
				OTHER_CFLAGS = "";
				OTHER_LDFLAGS = (
					"-undefined",
					dynamic_lookup,
				);
				OTHER_REZFLAGS = "";
				PRODUCT_NAME = FromPolyToBrush;
				SDKROOT = macosx10.8;
				SECTORDER_FLAGS = "";
				WARNING_CFLAGS = (
					"-Wmost",
					"-Wno-four-char-constants",
					"-Wno-unknown-pragmas",
				);
				WRAPPER_EXTENSION = osirixplugin;
				ZERO_LINK = NO;
			};
			name = Deployment;
		};
		CE6A9A9508AC841300D0C1EE /* Development */ = {
			isa = XCBuildConfiguration;
			buildSettings = {
				ARCHS = (
					i386,
					x86_64,
				);
				MACOSX_DEPLOYMENT_TARGET = 10.5;
				ONLY_ACTIVE_ARCH = YES;
				SDKROOT = macosx10.8;
			};
			name = Development;
		};
		CE6A9A9608AC841300D0C1EE /* Deployment */ = {
			isa = XCBuildConfiguration;
			buildSettings = {
				ARCHS = (
					x86_64,
					i386,
				);
				MACOSX_DEPLOYMENT_TARGET = 10.5;
				ONLY_ACTIVE_ARCH = YES;
				SDKROOT = macosx10.8;
			};
			name = Deployment;
		};
/* End XCBuildConfiguration section */

/* Begin XCConfigurationList section */
		CE6A9A9008AC841300D0C1EE /* Build configuration list for PBXNativeTarget "FromPolyToBrush" */ = {
			isa = XCConfigurationList;
			buildConfigurations = (
				CE6A9A9108AC841300D0C1EE /* Development */,
				CE6A9A9208AC841300D0C1EE /* Deployment */,
			);
			defaultConfigurationIsVisible = 0;
			defaultConfigurationName = Development;
		};
		CE6A9A9408AC841300D0C1EE /* Build configuration list for PBXProject "FromPolyToBrush" */ = {
			isa = XCConfigurationList;
			buildConfigurations = (
				CE6A9A9508AC841300D0C1EE /* Development */,
				CE6A9A9608AC841300D0C1EE /* Deployment */,
			);
			defaultConfigurationIsVisible = 0;
			defaultConfigurationName = Development;
		};
/* End XCConfigurationList section */
	};
	rootObject = 089C1669FE841209C02AAC07 /* Project object */;
}
