// !$*UTF8*$!
{
	archiveVersion = 1;
	classes = {
	};
	objectVersion = 46;
	objects = {

/* Begin PBXBuildFile section */
		63205BE817CB81AB001D56A4 /* FPTBWindowController.h in Headers */ = {isa = PBXBuildFile; fileRef = 63205BE517CB81AB001D56A4 /* FPTBWindowController.h */; };
		63205BE917CB81AB001D56A4 /* FPTBWindowController.mm in Sources */ = {isa = PBXBuildFile; fileRef = 63205BE617CB81AB001D56A4 /* FPTBWindowController.mm */; };
		63205BEA17CB81AB001D56A4 /* FPTBWindow.xib in Resources */ = {isa = PBXBuildFile; fileRef = 63205BE717CB81AB001D56A4 /* FPTBWindow.xib */; };
		6320F63E1758FC01000FD6FF /* OsiriXAPI.framework in Frameworks */ = {isa = PBXBuildFile; fileRef = 6320F63D1758FC01000FD6FF /* OsiriXAPI.framework */; };
		632239ED183BDAB30045AC66 /* libLSDyna.a in Frameworks */ = {isa = PBXBuildFile; fileRef = 632239C7183BDAB30045AC66 /* libLSDyna.a */; };
		632239EE183BDAB30045AC66 /* libMapReduceMPI.a in Frameworks */ = {isa = PBXBuildFile; fileRef = 632239C8183BDAB30045AC66 /* libMapReduceMPI.a */; };
		632239EF183BDAB30045AC66 /* libmpistubs.a in Frameworks */ = {isa = PBXBuildFile; fileRef = 632239C9183BDAB30045AC66 /* libmpistubs.a */; };
		632239F0183BDAB30045AC66 /* libvtkalglib.a in Frameworks */ = {isa = PBXBuildFile; fileRef = 632239CA183BDAB30045AC66 /* libvtkalglib.a */; };
		632239F1183BDAB30045AC66 /* libvtkCharts.a in Frameworks */ = {isa = PBXBuildFile; fileRef = 632239CB183BDAB30045AC66 /* libvtkCharts.a */; };
		632239F2183BDAB30045AC66 /* libvtkCommon.a in Frameworks */ = {isa = PBXBuildFile; fileRef = 632239CC183BDAB30045AC66 /* libvtkCommon.a */; };
		632239F3183BDAB30045AC66 /* libvtkDICOMParser.a in Frameworks */ = {isa = PBXBuildFile; fileRef = 632239CD183BDAB30045AC66 /* libvtkDICOMParser.a */; };
		632239F4183BDAB30045AC66 /* libvtkexoIIc.a in Frameworks */ = {isa = PBXBuildFile; fileRef = 632239CE183BDAB30045AC66 /* libvtkexoIIc.a */; };
		632239F5183BDAB30045AC66 /* libvtkexpat.a in Frameworks */ = {isa = PBXBuildFile; fileRef = 632239CF183BDAB30045AC66 /* libvtkexpat.a */; };
		632239F6183BDAB30045AC66 /* libvtkFiltering.a in Frameworks */ = {isa = PBXBuildFile; fileRef = 632239D0183BDAB30045AC66 /* libvtkFiltering.a */; };
		632239F7183BDAB30045AC66 /* libvtkfreetype.a in Frameworks */ = {isa = PBXBuildFile; fileRef = 632239D1183BDAB30045AC66 /* libvtkfreetype.a */; };
		632239F8183BDAB30045AC66 /* libvtkftgl.a in Frameworks */ = {isa = PBXBuildFile; fileRef = 632239D2183BDAB30045AC66 /* libvtkftgl.a */; };
		632239F9183BDAB30045AC66 /* libvtkGenericFiltering.a in Frameworks */ = {isa = PBXBuildFile; fileRef = 632239D3183BDAB30045AC66 /* libvtkGenericFiltering.a */; };
		632239FA183BDAB30045AC66 /* libvtkGeovis.a in Frameworks */ = {isa = PBXBuildFile; fileRef = 632239D4183BDAB30045AC66 /* libvtkGeovis.a */; };
		632239FB183BDAB30045AC66 /* libvtkGraphics.a in Frameworks */ = {isa = PBXBuildFile; fileRef = 632239D5183BDAB30045AC66 /* libvtkGraphics.a */; };
		632239FC183BDAB30045AC66 /* libvtkhdf5.a in Frameworks */ = {isa = PBXBuildFile; fileRef = 632239D6183BDAB30045AC66 /* libvtkhdf5.a */; };
		632239FD183BDAB30045AC66 /* libvtkhdf5_hl.a in Frameworks */ = {isa = PBXBuildFile; fileRef = 632239D7183BDAB30045AC66 /* libvtkhdf5_hl.a */; };
		632239FE183BDAB30045AC66 /* libvtkHybrid.a in Frameworks */ = {isa = PBXBuildFile; fileRef = 632239D8183BDAB30045AC66 /* libvtkHybrid.a */; };
		632239FF183BDAB30045AC66 /* libvtkImaging.a in Frameworks */ = {isa = PBXBuildFile; fileRef = 632239D9183BDAB30045AC66 /* libvtkImaging.a */; };
		63223A00183BDAB30045AC66 /* libvtkInfovis.a in Frameworks */ = {isa = PBXBuildFile; fileRef = 632239DA183BDAB30045AC66 /* libvtkInfovis.a */; };
		63223A01183BDAB30045AC66 /* libvtkIO.a in Frameworks */ = {isa = PBXBuildFile; fileRef = 632239DB183BDAB30045AC66 /* libvtkIO.a */; };
		63223A02183BDAB30045AC66 /* libvtkjpeg.a in Frameworks */ = {isa = PBXBuildFile; fileRef = 632239DC183BDAB30045AC66 /* libvtkjpeg.a */; };
		63223A03183BDAB30045AC66 /* libvtklibxml2.a in Frameworks */ = {isa = PBXBuildFile; fileRef = 632239DD183BDAB30045AC66 /* libvtklibxml2.a */; };
		63223A04183BDAB30045AC66 /* libvtkmetaio.a in Frameworks */ = {isa = PBXBuildFile; fileRef = 632239DE183BDAB30045AC66 /* libvtkmetaio.a */; };
		63223A05183BDAB30045AC66 /* libvtkNetCDF.a in Frameworks */ = {isa = PBXBuildFile; fileRef = 632239DF183BDAB30045AC66 /* libvtkNetCDF.a */; };
		63223A06183BDAB40045AC66 /* libvtkNetCDF_cxx.a in Frameworks */ = {isa = PBXBuildFile; fileRef = 632239E0183BDAB30045AC66 /* libvtkNetCDF_cxx.a */; };
		63223A07183BDAB40045AC66 /* libvtkOsiriX.a in Frameworks */ = {isa = PBXBuildFile; fileRef = 632239E1183BDAB30045AC66 /* libvtkOsiriX.a */; };
		63223A08183BDAB40045AC66 /* libvtkpng.a in Frameworks */ = {isa = PBXBuildFile; fileRef = 632239E2183BDAB30045AC66 /* libvtkpng.a */; };
		63223A09183BDAB40045AC66 /* libvtkproj4.a in Frameworks */ = {isa = PBXBuildFile; fileRef = 632239E3183BDAB30045AC66 /* libvtkproj4.a */; };
		63223A0A183BDAB40045AC66 /* libvtkRendering.a in Frameworks */ = {isa = PBXBuildFile; fileRef = 632239E4183BDAB30045AC66 /* libvtkRendering.a */; };
		63223A0B183BDAB40045AC66 /* libvtksqlite.a in Frameworks */ = {isa = PBXBuildFile; fileRef = 632239E5183BDAB30045AC66 /* libvtksqlite.a */; };
		63223A0C183BDAB40045AC66 /* libvtksys.a in Frameworks */ = {isa = PBXBuildFile; fileRef = 632239E6183BDAB30045AC66 /* libvtksys.a */; };
		63223A0D183BDAB40045AC66 /* libvtktiff.a in Frameworks */ = {isa = PBXBuildFile; fileRef = 632239E7183BDAB30045AC66 /* libvtktiff.a */; };
		63223A0E183BDAB40045AC66 /* libvtkverdict.a in Frameworks */ = {isa = PBXBuildFile; fileRef = 632239E8183BDAB30045AC66 /* libvtkverdict.a */; };
		63223A0F183BDAB40045AC66 /* libvtkViews.a in Frameworks */ = {isa = PBXBuildFile; fileRef = 632239E9183BDAB30045AC66 /* libvtkViews.a */; };
		63223A10183BDAB40045AC66 /* libvtkVolumeRendering.a in Frameworks */ = {isa = PBXBuildFile; fileRef = 632239EA183BDAB30045AC66 /* libvtkVolumeRendering.a */; };
		63223A11183BDAB40045AC66 /* libvtkWidgets.a in Frameworks */ = {isa = PBXBuildFile; fileRef = 632239EB183BDAB30045AC66 /* libvtkWidgets.a */; };
		63223A12183BDAB40045AC66 /* libvtkzlib.a in Frameworks */ = {isa = PBXBuildFile; fileRef = 632239EC183BDAB30045AC66 /* libvtkzlib.a */; };
		632307C2181FEAAA004DA543 /* FPTBMeshesView.h in Headers */ = {isa = PBXBuildFile; fileRef = 632307C0181FEAAA004DA543 /* FPTBMeshesView.h */; };
		632307C3181FEAAA004DA543 /* FPTBMeshesView.mm in Sources */ = {isa = PBXBuildFile; fileRef = 632307C1181FEAAA004DA543 /* FPTBMeshesView.mm */; };
		6393C8EF183A7251008D71ED /* symbolList in Resources */ = {isa = PBXBuildFile; fileRef = 6393C8EE183A7251008D71ED /* symbolList */; };
		8D5B49AE048680CD000E48DA /* FromPolyToBrush_Prefix.pch in Headers */ = {isa = PBXBuildFile; fileRef = 32DBCF630370AF2F00C91783 /* FromPolyToBrush_Prefix.pch */; };
		8D5B49B0048680CD000E48DA /* InfoPlist.strings in Resources */ = {isa = PBXBuildFile; fileRef = 089C167DFE841241C02AAC07 /* InfoPlist.strings */; };
		8D5B49B4048680CD000E48DA /* Cocoa.framework in Frameworks */ = {isa = PBXBuildFile; fileRef = 1058C7ADFEA557BF11CA2CBB /* Cocoa.framework */; };
		ABA48A650680BB600089EB4F /* FromPolyToBrushFilter.h in Headers */ = {isa = PBXBuildFile; fileRef = ABA48A640680BB600089EB4F /* FromPolyToBrushFilter.h */; };
		ABA48A670680BB690089EB4F /* FromPolyToBrushFilter.m in Sources */ = {isa = PBXBuildFile; fileRef = ABA48A660680BB690089EB4F /* FromPolyToBrushFilter.m */; };
/* End PBXBuildFile section */

/* Begin PBXFileReference section */
		089C1672FE841209C02AAC07 /* Foundation.framework */ = {isa = PBXFileReference; lastKnownFileType = wrapper.framework; name = Foundation.framework; path = /System/Library/Frameworks/Foundation.framework; sourceTree = "<absolute>"; };
		089C167EFE841241C02AAC07 /* English */ = {isa = PBXFileReference; fileEncoding = 10; lastKnownFileType = text.plist.strings; name = English; path = English.lproj/InfoPlist.strings; sourceTree = "<group>"; };
		089C167FFE841241C02AAC07 /* AppKit.framework */ = {isa = PBXFileReference; lastKnownFileType = wrapper.framework; name = AppKit.framework; path = /System/Library/Frameworks/AppKit.framework; sourceTree = "<absolute>"; };
		1058C7ADFEA557BF11CA2CBB /* Cocoa.framework */ = {isa = PBXFileReference; lastKnownFileType = wrapper.framework; name = Cocoa.framework; path = /System/Library/Frameworks/Cocoa.framework; sourceTree = "<absolute>"; };
		32DBCF630370AF2F00C91783 /* FromPolyToBrush_Prefix.pch */ = {isa = PBXFileReference; fileEncoding = 4; lastKnownFileType = sourcecode.c.h; path = FromPolyToBrush_Prefix.pch; sourceTree = "<group>"; };
		63205BE517CB81AB001D56A4 /* FPTBWindowController.h */ = {isa = PBXFileReference; fileEncoding = 4; lastKnownFileType = sourcecode.c.h; path = FPTBWindowController.h; sourceTree = "<group>"; };
		63205BE617CB81AB001D56A4 /* FPTBWindowController.mm */ = {isa = PBXFileReference; explicitFileType = sourcecode.cpp.objcpp; fileEncoding = 4; path = FPTBWindowController.mm; sourceTree = "<group>"; };
		63205BE717CB81AB001D56A4 /* FPTBWindow.xib */ = {isa = PBXFileReference; fileEncoding = 4; lastKnownFileType = file.xib; path = FPTBWindow.xib; sourceTree = "<group>"; };
		6320F63D1758FC01000FD6FF /* OsiriXAPI.framework */ = {isa = PBXFileReference; lastKnownFileType = wrapper.framework; path = OsiriXAPI.framework; sourceTree = "<group>"; };
		632239C7183BDAB30045AC66 /* libLSDyna.a */ = {isa = PBXFileReference; lastKnownFileType = archive.ar; path = libLSDyna.a; sourceTree = "<group>"; };
		632239C8183BDAB30045AC66 /* libMapReduceMPI.a */ = {isa = PBXFileReference; lastKnownFileType = archive.ar; path = libMapReduceMPI.a; sourceTree = "<group>"; };
		632239C9183BDAB30045AC66 /* libmpistubs.a */ = {isa = PBXFileReference; lastKnownFileType = archive.ar; path = libmpistubs.a; sourceTree = "<group>"; };
		632239CA183BDAB30045AC66 /* libvtkalglib.a */ = {isa = PBXFileReference; lastKnownFileType = archive.ar; path = libvtkalglib.a; sourceTree = "<group>"; };
		632239CB183BDAB30045AC66 /* libvtkCharts.a */ = {isa = PBXFileReference; lastKnownFileType = archive.ar; path = libvtkCharts.a; sourceTree = "<group>"; };
		632239CC183BDAB30045AC66 /* libvtkCommon.a */ = {isa = PBXFileReference; lastKnownFileType = archive.ar; path = libvtkCommon.a; sourceTree = "<group>"; };
		632239CD183BDAB30045AC66 /* libvtkDICOMParser.a */ = {isa = PBXFileReference; lastKnownFileType = archive.ar; path = libvtkDICOMParser.a; sourceTree = "<group>"; };
		632239CE183BDAB30045AC66 /* libvtkexoIIc.a */ = {isa = PBXFileReference; lastKnownFileType = archive.ar; path = libvtkexoIIc.a; sourceTree = "<group>"; };
		632239CF183BDAB30045AC66 /* libvtkexpat.a */ = {isa = PBXFileReference; lastKnownFileType = archive.ar; path = libvtkexpat.a; sourceTree = "<group>"; };
		632239D0183BDAB30045AC66 /* libvtkFiltering.a */ = {isa = PBXFileReference; lastKnownFileType = archive.ar; path = libvtkFiltering.a; sourceTree = "<group>"; };
		632239D1183BDAB30045AC66 /* libvtkfreetype.a */ = {isa = PBXFileReference; lastKnownFileType = archive.ar; path = libvtkfreetype.a; sourceTree = "<group>"; };
		632239D2183BDAB30045AC66 /* libvtkftgl.a */ = {isa = PBXFileReference; lastKnownFileType = archive.ar; path = libvtkftgl.a; sourceTree = "<group>"; };
		632239D3183BDAB30045AC66 /* libvtkGenericFiltering.a */ = {isa = PBXFileReference; lastKnownFileType = archive.ar; path = libvtkGenericFiltering.a; sourceTree = "<group>"; };
		632239D4183BDAB30045AC66 /* libvtkGeovis.a */ = {isa = PBXFileReference; lastKnownFileType = archive.ar; path = libvtkGeovis.a; sourceTree = "<group>"; };
		632239D5183BDAB30045AC66 /* libvtkGraphics.a */ = {isa = PBXFileReference; lastKnownFileType = archive.ar; path = libvtkGraphics.a; sourceTree = "<group>"; };
		632239D6183BDAB30045AC66 /* libvtkhdf5.a */ = {isa = PBXFileReference; lastKnownFileType = archive.ar; path = libvtkhdf5.a; sourceTree = "<group>"; };
		632239D7183BDAB30045AC66 /* libvtkhdf5_hl.a */ = {isa = PBXFileReference; lastKnownFileType = archive.ar; path = libvtkhdf5_hl.a; sourceTree = "<group>"; };
		632239D8183BDAB30045AC66 /* libvtkHybrid.a */ = {isa = PBXFileReference; lastKnownFileType = archive.ar; path = libvtkHybrid.a; sourceTree = "<group>"; };
		632239D9183BDAB30045AC66 /* libvtkImaging.a */ = {isa = PBXFileReference; lastKnownFileType = archive.ar; path = libvtkImaging.a; sourceTree = "<group>"; };
		632239DA183BDAB30045AC66 /* libvtkInfovis.a */ = {isa = PBXFileReference; lastKnownFileType = archive.ar; path = libvtkInfovis.a; sourceTree = "<group>"; };
		632239DB183BDAB30045AC66 /* libvtkIO.a */ = {isa = PBXFileReference; lastKnownFileType = archive.ar; path = libvtkIO.a; sourceTree = "<group>"; };
		632239DC183BDAB30045AC66 /* libvtkjpeg.a */ = {isa = PBXFileReference; lastKnownFileType = archive.ar; path = libvtkjpeg.a; sourceTree = "<group>"; };
		632239DD183BDAB30045AC66 /* libvtklibxml2.a */ = {isa = PBXFileReference; lastKnownFileType = archive.ar; path = libvtklibxml2.a; sourceTree = "<group>"; };
		632239DE183BDAB30045AC66 /* libvtkmetaio.a */ = {isa = PBXFileReference; lastKnownFileType = archive.ar; path = libvtkmetaio.a; sourceTree = "<group>"; };
		632239DF183BDAB30045AC66 /* libvtkNetCDF.a */ = {isa = PBXFileReference; lastKnownFileType = archive.ar; path = libvtkNetCDF.a; sourceTree = "<group>"; };
		632239E0183BDAB30045AC66 /* libvtkNetCDF_cxx.a */ = {isa = PBXFileReference; lastKnownFileType = archive.ar; path = libvtkNetCDF_cxx.a; sourceTree = "<group>"; };
		632239E1183BDAB30045AC66 /* libvtkOsiriX.a */ = {isa = PBXFileReference; lastKnownFileType = archive.ar; path = libvtkOsiriX.a; sourceTree = "<group>"; };
		632239E2183BDAB30045AC66 /* libvtkpng.a */ = {isa = PBXFileReference; lastKnownFileType = archive.ar; path = libvtkpng.a; sourceTree = "<group>"; };
		632239E3183BDAB30045AC66 /* libvtkproj4.a */ = {isa = PBXFileReference; lastKnownFileType = archive.ar; path = libvtkproj4.a; sourceTree = "<group>"; };
		632239E4183BDAB30045AC66 /* libvtkRendering.a */ = {isa = PBXFileReference; lastKnownFileType = archive.ar; path = libvtkRendering.a; sourceTree = "<group>"; };
		632239E5183BDAB30045AC66 /* libvtksqlite.a */ = {isa = PBXFileReference; lastKnownFileType = archive.ar; path = libvtksqlite.a; sourceTree = "<group>"; };
		632239E6183BDAB30045AC66 /* libvtksys.a */ = {isa = PBXFileReference; lastKnownFileType = archive.ar; path = libvtksys.a; sourceTree = "<group>"; };
		632239E7183BDAB30045AC66 /* libvtktiff.a */ = {isa = PBXFileReference; lastKnownFileType = archive.ar; path = libvtktiff.a; sourceTree = "<group>"; };
		632239E8183BDAB30045AC66 /* libvtkverdict.a */ = {isa = PBXFileReference; lastKnownFileType = archive.ar; path = libvtkverdict.a; sourceTree = "<group>"; };
		632239E9183BDAB30045AC66 /* libvtkViews.a */ = {isa = PBXFileReference; lastKnownFileType = archive.ar; path = libvtkViews.a; sourceTree = "<group>"; };
		632239EA183BDAB30045AC66 /* libvtkVolumeRendering.a */ = {isa = PBXFileReference; lastKnownFileType = archive.ar; path = libvtkVolumeRendering.a; sourceTree = "<group>"; };
		632239EB183BDAB30045AC66 /* libvtkWidgets.a */ = {isa = PBXFileReference; lastKnownFileType = archive.ar; path = libvtkWidgets.a; sourceTree = "<group>"; };
		632239EC183BDAB30045AC66 /* libvtkzlib.a */ = {isa = PBXFileReference; lastKnownFileType = archive.ar; path = libvtkzlib.a; sourceTree = "<group>"; };
		632307C0181FEAAA004DA543 /* FPTBMeshesView.h */ = {isa = PBXFileReference; fileEncoding = 4; lastKnownFileType = sourcecode.c.h; path = FPTBMeshesView.h; sourceTree = "<group>"; };
		632307C1181FEAAA004DA543 /* FPTBMeshesView.mm */ = {isa = PBXFileReference; explicitFileType = sourcecode.cpp.objcpp; fileEncoding = 4; path = FPTBMeshesView.mm; sourceTree = "<group>"; };
		6393C8EE183A7251008D71ED /* symbolList */ = {isa = PBXFileReference; fileEncoding = 4; lastKnownFileType = text; path = symbolList; sourceTree = "<group>"; };
		8D5B49B7048680CD000E48DA /* Info.plist */ = {isa = PBXFileReference; fileEncoding = 4; lastKnownFileType = text.plist.xml; path = Info.plist; sourceTree = "<group>"; };
		AB5D36050680E57E00F4007A /* FromPolyToBrush.osirixplugin */ = {isa = PBXFileReference; explicitFileType = wrapper.cfbundle; includeInIndex = 0; path = FromPolyToBrush.osirixplugin; sourceTree = BUILT_PRODUCTS_DIR; };
		ABA48A640680BB600089EB4F /* FromPolyToBrushFilter.h */ = {isa = PBXFileReference; fileEncoding = 30; lastKnownFileType = sourcecode.c.h; path = FromPolyToBrushFilter.h; sourceTree = "<group>"; };
		ABA48A660680BB690089EB4F /* FromPolyToBrushFilter.m */ = {isa = PBXFileReference; explicitFileType = sourcecode.cpp.objcpp; fileEncoding = 30; path = FromPolyToBrushFilter.m; sourceTree = "<group>"; };
/* End PBXFileReference section */

/* Begin PBXFrameworksBuildPhase section */
		8D5B49B3048680CD000E48DA /* Frameworks */ = {
			isa = PBXFrameworksBuildPhase;
			buildActionMask = 2147483647;
			files = (
				632239ED183BDAB30045AC66 /* libLSDyna.a in Frameworks */,
				632239EF183BDAB30045AC66 /* libmpistubs.a in Frameworks */,
				632239FD183BDAB30045AC66 /* libvtkhdf5_hl.a in Frameworks */,
				63223A03183BDAB30045AC66 /* libvtklibxml2.a in Frameworks */,
				632239F3183BDAB30045AC66 /* libvtkDICOMParser.a in Frameworks */,
				632239F2183BDAB30045AC66 /* libvtkCommon.a in Frameworks */,
				632239F8183BDAB30045AC66 /* libvtkftgl.a in Frameworks */,
				63223A06183BDAB40045AC66 /* libvtkNetCDF_cxx.a in Frameworks */,
				632239F6183BDAB30045AC66 /* libvtkFiltering.a in Frameworks */,
				63223A08183BDAB40045AC66 /* libvtkpng.a in Frameworks */,
				63223A0A183BDAB40045AC66 /* libvtkRendering.a in Frameworks */,
				63223A11183BDAB40045AC66 /* libvtkWidgets.a in Frameworks */,
				632239FA183BDAB30045AC66 /* libvtkGeovis.a in Frameworks */,
				63223A10183BDAB40045AC66 /* libvtkVolumeRendering.a in Frameworks */,
				632239FF183BDAB30045AC66 /* libvtkImaging.a in Frameworks */,
				632239F0183BDAB30045AC66 /* libvtkalglib.a in Frameworks */,
				8D5B49B4048680CD000E48DA /* Cocoa.framework in Frameworks */,
				632239F7183BDAB30045AC66 /* libvtkfreetype.a in Frameworks */,
				63223A0D183BDAB40045AC66 /* libvtktiff.a in Frameworks */,
				63223A09183BDAB40045AC66 /* libvtkproj4.a in Frameworks */,
				63223A00183BDAB30045AC66 /* libvtkInfovis.a in Frameworks */,
				63223A02183BDAB30045AC66 /* libvtkjpeg.a in Frameworks */,
				632239FE183BDAB30045AC66 /* libvtkHybrid.a in Frameworks */,
				632239F4183BDAB30045AC66 /* libvtkexoIIc.a in Frameworks */,
				63223A01183BDAB30045AC66 /* libvtkIO.a in Frameworks */,
				63223A04183BDAB30045AC66 /* libvtkmetaio.a in Frameworks */,
				63223A0F183BDAB40045AC66 /* libvtkViews.a in Frameworks */,
				63223A05183BDAB30045AC66 /* libvtkNetCDF.a in Frameworks */,
				63223A0B183BDAB40045AC66 /* libvtksqlite.a in Frameworks */,
				6320F63E1758FC01000FD6FF /* OsiriXAPI.framework in Frameworks */,
				632239EE183BDAB30045AC66 /* libMapReduceMPI.a in Frameworks */,
				632239FB183BDAB30045AC66 /* libvtkGraphics.a in Frameworks */,
				63223A12183BDAB40045AC66 /* libvtkzlib.a in Frameworks */,
				63223A07183BDAB40045AC66 /* libvtkOsiriX.a in Frameworks */,
				632239F9183BDAB30045AC66 /* libvtkGenericFiltering.a in Frameworks */,
				632239F5183BDAB30045AC66 /* libvtkexpat.a in Frameworks */,
				63223A0C183BDAB40045AC66 /* libvtksys.a in Frameworks */,
				632239FC183BDAB30045AC66 /* libvtkhdf5.a in Frameworks */,
				632239F1183BDAB30045AC66 /* libvtkCharts.a in Frameworks */,
				63223A0E183BDAB40045AC66 /* libvtkverdict.a in Frameworks */,
			);
			runOnlyForDeploymentPostprocessing = 0;
		};
/* End PBXFrameworksBuildPhase section */

/* Begin PBXGroup section */
		089C166AFE841209C02AAC07 /* FromPolyToBrush */ = {
			isa = PBXGroup;
			children = (
				6393C8EE183A7251008D71ED /* symbolList */,
				08FB77AFFE84173DC02AAC07 /* Classes */,
				32C88E010371C26100C91783 /* Other Sources */,
				089C167CFE841241C02AAC07 /* Resources */,
				089C1671FE841209C02AAC07 /* Frameworks and Libraries */,
				19C28FB8FE9D52D311CA2CBB /* Products */,
			);
			name = FromPolyToBrush;
			sourceTree = "<group>";
		};
		089C1671FE841209C02AAC07 /* Frameworks and Libraries */ = {
			isa = PBXGroup;
			children = (
				6377199517EC860C00A67CD7 /* VTK */,
				1058C7ACFEA557BF11CA2CBB /* Linked Frameworks */,
				1058C7AEFEA557BF11CA2CBB /* Other Frameworks */,
			);
			name = "Frameworks and Libraries";
			sourceTree = "<group>";
		};
		089C167CFE841241C02AAC07 /* Resources */ = {
			isa = PBXGroup;
			children = (
				63205BE717CB81AB001D56A4 /* FPTBWindow.xib */,
				8D5B49B7048680CD000E48DA /* Info.plist */,
				089C167DFE841241C02AAC07 /* InfoPlist.strings */,
			);
			name = Resources;
			sourceTree = "<group>";
		};
		08FB77AFFE84173DC02AAC07 /* Classes */ = {
			isa = PBXGroup;
			children = (
				AB2C26750677B0C400A08910 /* FromPolyToBrushFilter */,
			);
			name = Classes;
			sourceTree = "<group>";
		};
		1058C7ACFEA557BF11CA2CBB /* Linked Frameworks */ = {
			isa = PBXGroup;
			children = (
				6320F63D1758FC01000FD6FF /* OsiriXAPI.framework */,
				1058C7ADFEA557BF11CA2CBB /* Cocoa.framework */,
			);
			name = "Linked Frameworks";
			sourceTree = "<group>";
		};
		1058C7AEFEA557BF11CA2CBB /* Other Frameworks */ = {
			isa = PBXGroup;
			children = (
				089C1672FE841209C02AAC07 /* Foundation.framework */,
				089C167FFE841241C02AAC07 /* AppKit.framework */,
			);
			name = "Other Frameworks";
			sourceTree = "<group>";
		};
		19C28FB8FE9D52D311CA2CBB /* Products */ = {
			isa = PBXGroup;
			children = (
				AB5D36050680E57E00F4007A /* FromPolyToBrush.osirixplugin */,
			);
			name = Products;
			sourceTree = "<group>";
		};
		32C88E010371C26100C91783 /* Other Sources */ = {
			isa = PBXGroup;
			children = (
				32DBCF630370AF2F00C91783 /* FromPolyToBrush_Prefix.pch */,
			);
			name = "Other Sources";
			sourceTree = "<group>";
		};
		632239C6183BDAB30045AC66 /* VTKLibs */ = {
			isa = PBXGroup;
			children = (
				632239C7183BDAB30045AC66 /* libLSDyna.a */,
				632239C8183BDAB30045AC66 /* libMapReduceMPI.a */,
				632239C9183BDAB30045AC66 /* libmpistubs.a */,
				632239CA183BDAB30045AC66 /* libvtkalglib.a */,
				632239CB183BDAB30045AC66 /* libvtkCharts.a */,
				632239CC183BDAB30045AC66 /* libvtkCommon.a */,
				632239CD183BDAB30045AC66 /* libvtkDICOMParser.a */,
				632239CE183BDAB30045AC66 /* libvtkexoIIc.a */,
				632239CF183BDAB30045AC66 /* libvtkexpat.a */,
				632239D0183BDAB30045AC66 /* libvtkFiltering.a */,
				632239D1183BDAB30045AC66 /* libvtkfreetype.a */,
				632239D2183BDAB30045AC66 /* libvtkftgl.a */,
				632239D3183BDAB30045AC66 /* libvtkGenericFiltering.a */,
				632239D4183BDAB30045AC66 /* libvtkGeovis.a */,
				632239D5183BDAB30045AC66 /* libvtkGraphics.a */,
				632239D6183BDAB30045AC66 /* libvtkhdf5.a */,
				632239D7183BDAB30045AC66 /* libvtkhdf5_hl.a */,
				632239D8183BDAB30045AC66 /* libvtkHybrid.a */,
				632239D9183BDAB30045AC66 /* libvtkImaging.a */,
				632239DA183BDAB30045AC66 /* libvtkInfovis.a */,
				632239DB183BDAB30045AC66 /* libvtkIO.a */,
				632239DC183BDAB30045AC66 /* libvtkjpeg.a */,
				632239DD183BDAB30045AC66 /* libvtklibxml2.a */,
				632239DE183BDAB30045AC66 /* libvtkmetaio.a */,
				632239DF183BDAB30045AC66 /* libvtkNetCDF.a */,
				632239E0183BDAB30045AC66 /* libvtkNetCDF_cxx.a */,
				632239E1183BDAB30045AC66 /* libvtkOsiriX.a */,
				632239E2183BDAB30045AC66 /* libvtkpng.a */,
				632239E3183BDAB30045AC66 /* libvtkproj4.a */,
				632239E4183BDAB30045AC66 /* libvtkRendering.a */,
				632239E5183BDAB30045AC66 /* libvtksqlite.a */,
				632239E6183BDAB30045AC66 /* libvtksys.a */,
				632239E7183BDAB30045AC66 /* libvtktiff.a */,
				632239E8183BDAB30045AC66 /* libvtkverdict.a */,
				632239E9183BDAB30045AC66 /* libvtkViews.a */,
				632239EA183BDAB30045AC66 /* libvtkVolumeRendering.a */,
				632239EB183BDAB30045AC66 /* libvtkWidgets.a */,
				632239EC183BDAB30045AC66 /* libvtkzlib.a */,
			);
			name = VTKLibs;
			path = ../../Osirix/Source_Code/osirix/Binaries/VTKLibs;
			sourceTree = "<group>";
		};
		6377199517EC860C00A67CD7 /* VTK */ = {
			isa = PBXGroup;
			children = (
				632239C6183BDAB30045AC66 /* VTKLibs */,
			);
			name = VTK;
			sourceTree = "<group>";
		};
		AB2C26750677B0C400A08910 /* FromPolyToBrushFilter */ = {
			isa = PBXGroup;
			children = (
				ABA48A640680BB600089EB4F /* FromPolyToBrushFilter.h */,
				ABA48A660680BB690089EB4F /* FromPolyToBrushFilter.m */,
				63205BE517CB81AB001D56A4 /* FPTBWindowController.h */,
				63205BE617CB81AB001D56A4 /* FPTBWindowController.mm */,
				632307C0181FEAAA004DA543 /* FPTBMeshesView.h */,
				632307C1181FEAAA004DA543 /* FPTBMeshesView.mm */,
			);
			name = FromPolyToBrushFilter;
			sourceTree = "<group>";
		};
/* End PBXGroup section */

/* Begin PBXHeadersBuildPhase section */
		8D5B49AD048680CD000E48DA /* Headers */ = {
			isa = PBXHeadersBuildPhase;
			buildActionMask = 2147483647;
			files = (
				8D5B49AE048680CD000E48DA /* FromPolyToBrush_Prefix.pch in Headers */,
				ABA48A650680BB600089EB4F /* FromPolyToBrushFilter.h in Headers */,
				63205BE817CB81AB001D56A4 /* FPTBWindowController.h in Headers */,
				632307C2181FEAAA004DA543 /* FPTBMeshesView.h in Headers */,
			);
			runOnlyForDeploymentPostprocessing = 0;
		};
/* End PBXHeadersBuildPhase section */

/* Begin PBXNativeTarget section */
		8D5B49AC048680CD000E48DA /* FromPolyToBrush */ = {
			isa = PBXNativeTarget;
			buildConfigurationList = CE6A9A9008AC841300D0C1EE /* Build configuration list for PBXNativeTarget "FromPolyToBrush" */;
			buildPhases = (
				8D5B49AD048680CD000E48DA /* Headers */,
				8D5B49AF048680CD000E48DA /* Resources */,
				8D5B49B1048680CD000E48DA /* Sources */,
				8D5B49B3048680CD000E48DA /* Frameworks */,
				8D5B49B5048680CD000E48DA /* Rez */,
			);
			buildRules = (
			);
			dependencies = (
			);
			name = FromPolyToBrush;
			productInstallPath = "$(HOME)/Library/Bundles";
			productName = Invert;
			productReference = AB5D36050680E57E00F4007A /* FromPolyToBrush.osirixplugin */;
			productType = "com.apple.product-type.bundle";
		};
/* End PBXNativeTarget section */

/* Begin PBXProject section */
		089C1669FE841209C02AAC07 /* Project object */ = {
			isa = PBXProject;
			attributes = {
				LastUpgradeCheck = 0430;
			};
			buildConfigurationList = CE6A9A9408AC841300D0C1EE /* Build configuration list for PBXProject "FromPolyToBrush" */;
			compatibilityVersion = "Xcode 3.2";
			developmentRegion = English;
			hasScannedForEncodings = 1;
			knownRegions = (
				English,
				Japanese,
				French,
				German,
			);
			mainGroup = 089C166AFE841209C02AAC07 /* FromPolyToBrush */;
			projectDirPath = "";
			projectRoot = "";
			targets = (
				8D5B49AC048680CD000E48DA /* FromPolyToBrush */,
			);
		};
/* End PBXProject section */

/* Begin PBXResourcesBuildPhase section */
		8D5B49AF048680CD000E48DA /* Resources */ = {
			isa = PBXResourcesBuildPhase;
			buildActionMask = 2147483647;
			files = (
				8D5B49B0048680CD000E48DA /* InfoPlist.strings in Resources */,
				6393C8EF183A7251008D71ED /* symbolList in Resources */,
				63205BEA17CB81AB001D56A4 /* FPTBWindow.xib in Resources */,
			);
			runOnlyForDeploymentPostprocessing = 0;
		};
/* End PBXResourcesBuildPhase section */

/* Begin PBXRezBuildPhase section */
		8D5B49B5048680CD000E48DA /* Rez */ = {
			isa = PBXRezBuildPhase;
			buildActionMask = 2147483647;
			files = (
			);
			runOnlyForDeploymentPostprocessing = 0;
		};
/* End PBXRezBuildPhase section */

/* Begin PBXSourcesBuildPhase section */
		8D5B49B1048680CD000E48DA /* Sources */ = {
			isa = PBXSourcesBuildPhase;
			buildActionMask = 2147483647;
			files = (
				ABA48A670680BB690089EB4F /* FromPolyToBrushFilter.m in Sources */,
				63205BE917CB81AB001D56A4 /* FPTBWindowController.mm in Sources */,
				632307C3181FEAAA004DA543 /* FPTBMeshesView.mm in Sources */,
			);
			runOnlyForDeploymentPostprocessing = 0;
		};
/* End PBXSourcesBuildPhase section */

/* Begin PBXVariantGroup section */
		089C167DFE841241C02AAC07 /* InfoPlist.strings */ = {
			isa = PBXVariantGroup;
			children = (
				089C167EFE841241C02AAC07 /* English */,
			);
			name = InfoPlist.strings;
			sourceTree = "<group>";
		};
/* End PBXVariantGroup section */

/* Begin XCBuildConfiguration section */
		CE6A9A9108AC841300D0C1EE /* Development */ = {
			isa = XCBuildConfiguration;
			buildSettings = {
				ARCHS = "$(ARCHS_STANDARD_32_64_BIT)";
				CLANG_ENABLE_OBJC_ARC = NO;
				COPY_PHASE_STRIP = NO;
				DEBUGGING_SYMBOLS = YES;
				FRAMEWORK_SEARCH_PATHS = (
					"$(inherited)",
					"$(SRCROOT)",
				);
				GCC_DYNAMIC_NO_PIC = NO;
				GCC_ENABLE_TRIGRAPHS = NO;
				GCC_GENERATE_DEBUGGING_SYMBOLS = YES;
				GCC_OPTIMIZATION_LEVEL = 0;
				GCC_PRECOMPILE_PREFIX_HEADER = YES;
				GCC_PREFIX_HEADER = FromPolyToBrush_Prefix.pch;
				"GCC_PREPROCESSOR_DEFINITIONS[arch=*]" = "DEBUG=1";
				GCC_VERSION = com.apple.compilers.llvm.clang.1_0;
				GCC_WARN_FOUR_CHARACTER_CONSTANTS = NO;
				GCC_WARN_UNKNOWN_PRAGMAS = NO;
				HEADER_SEARCH_PATHS = "\"$(SRCROOT)/../../Osirix/Source_Code/osirix/VTKHeaders\"";
				INFOPLIST_FILE = Info.plist;
				INSTALL_PATH = "@executable_path/../Plug-ins";
				LD_DYLIB_INSTALL_NAME = "";
				LD_RUNPATH_SEARCH_PATHS = "";
				LIBRARY_SEARCH_PATHS = /Users/David/Development/Osirix/Source_Code/osirix/Binaries/VTKLibs;
				LIBRARY_STYLE = Bundle;
				MACOSX_DEPLOYMENT_TARGET = 10.7;
				ONLY_ACTIVE_ARCH = YES;
				OTHER_CFLAGS = "";
				OTHER_LDFLAGS = (
					"-undefined",
					dynamic_lookup,
				);
				OTHER_REZFLAGS = "";
				PRODUCT_NAME = FromPolyToBrush;
				SDKROOT = macosx;
				SECTORDER_FLAGS = "";
				WARNING_CFLAGS = (
					"-Wmost",
					"-Wno-four-char-constants",
					"-Wno-unknown-pragmas",
				);
				WRAPPER_EXTENSION = osirixplugin;
				ZERO_LINK = NO;
			};
			name = Development;
		};
		CE6A9A9208AC841300D0C1EE /* Deployment */ = {
			isa = XCBuildConfiguration;
			buildSettings = {
				ARCHS = "$(ARCHS_STANDARD_32_64_BIT)";
				CLANG_ENABLE_OBJC_ARC = NO;
				COPY_PHASE_STRIP = YES;
				FRAMEWORK_SEARCH_PATHS = (
					"$(inherited)",
					"$(SRCROOT)",
				);
				GCC_ENABLE_TRIGRAPHS = NO;
				GCC_PRECOMPILE_PREFIX_HEADER = YES;
				GCC_PREFIX_HEADER = FromPolyToBrush_Prefix.pch;
				GCC_VERSION = com.apple.compilers.llvm.clang.1_0;
				GCC_WARN_FOUR_CHARACTER_CONSTANTS = NO;
				GCC_WARN_UNKNOWN_PRAGMAS = NO;
				HEADER_SEARCH_PATHS = "\"$(SRCROOT)/../../Osirix/Source_Code/osirix/VTKHeaders\"";
				INFOPLIST_FILE = Info.plist;
				INSTALL_PATH = "@executable_path/../Plug-ins";
				LD_DYLIB_INSTALL_NAME = "";
				LD_RUNPATH_SEARCH_PATHS = "";
				LIBRARY_SEARCH_PATHS = /Users/David/Development/Osirix/Source_Code/osirix/Binaries/VTKLibs;
				LIBRARY_STYLE = Bundle;
				MACOSX_DEPLOYMENT_TARGET = 10.7;
				ONLY_ACTIVE_ARCH = YES;
				OTHER_CFLAGS = "";
				OTHER_LDFLAGS = (
					"-undefined",
					dynamic_lookup,
				);
				OTHER_REZFLAGS = "";
				PRODUCT_NAME = FromPolyToBrush;
				SDKROOT = macosx;
				SECTORDER_FLAGS = "";
				WARNING_CFLAGS = (
					"-Wmost",
					"-Wno-four-char-constants",
					"-Wno-unknown-pragmas",
				);
				WRAPPER_EXTENSION = osirixplugin;
				ZERO_LINK = NO;
			};
			name = Deployment;
		};
		CE6A9A9508AC841300D0C1EE /* Development */ = {
			isa = XCBuildConfiguration;
			buildSettings = {
				ARCHS = (
					i386,
					x86_64,
				);
				MACOSX_DEPLOYMENT_TARGET = 10.5;
				ONLY_ACTIVE_ARCH = YES;
				SDKROOT = macosx;
			};
			name = Development;
		};
		CE6A9A9608AC841300D0C1EE /* Deployment */ = {
			isa = XCBuildConfiguration;
			buildSettings = {
				ARCHS = (
					x86_64,
					i386,
				);
				MACOSX_DEPLOYMENT_TARGET = 10.5;
				ONLY_ACTIVE_ARCH = YES;
				SDKROOT = macosx;
			};
			name = Deployment;
		};
/* End XCBuildConfiguration section */

/* Begin XCConfigurationList section */
		CE6A9A9008AC841300D0C1EE /* Build configuration list for PBXNativeTarget "FromPolyToBrush" */ = {
			isa = XCConfigurationList;
			buildConfigurations = (
				CE6A9A9108AC841300D0C1EE /* Development */,
				CE6A9A9208AC841300D0C1EE /* Deployment */,
			);
			defaultConfigurationIsVisible = 0;
			defaultConfigurationName = Development;
		};
		CE6A9A9408AC841300D0C1EE /* Build configuration list for PBXProject "FromPolyToBrush" */ = {
			isa = XCConfigurationList;
			buildConfigurations = (
				CE6A9A9508AC841300D0C1EE /* Development */,
				CE6A9A9608AC841300D0C1EE /* Deployment */,
			);
			defaultConfigurationIsVisible = 0;
			defaultConfigurationName = Development;
		};
/* End XCConfigurationList section */
	};
	rootObject = 089C1669FE841209C02AAC07 /* Project object */;
}
